
Microsoft Visual Studio Solution File, Format Version 12.00
# Visual Studio Version 17
VisualStudioVersion = 17.11.35303.130
MinimumVisualStudioVersion = 10.0.40219.1
Project("{FAE04EC0-301F-11D3-BF4B-00C04F79EFBC}") = "Inventory.Presentation", "Inventory.Presentation\Inventory.Presentation.csproj", "{EAEB79C5-4970-448D-83E0-C9D14994F9CA}"
EndProject
Project("{FAE04EC0-301F-11D3-BF4B-00C04F79EFBC}") = "Inventory.DataAccess", "Inventory.DataAccess\Inventory.DataAccess.csproj", "{8673C39A-F8CE-4EF8-ADD4-5180DA45F8DA}"
EndProject
Project("{FAE04EC0-301F-11D3-BF4B-00C04F79EFBC}") = "Inventory.Service", "Inventory.Service\Inventory.Service.csproj", "{2AE46534-7A41-4103-A25E-EE3EC27F2983}"
EndProject
Global
	GlobalSection(SolutionConfigurationPlatforms) = preSolution
		Debug|Any CPU = Debug|Any CPU
		Release|Any CPU = Release|Any CPU
	EndGlobalSection
	GlobalSection(ProjectConfigurationPlatforms) = postSolution
		{EAEB79C5-4970-448D-83E0-C9D14994F9CA}.Debug|Any CPU.ActiveCfg = Debug|Any CPU
		{EAEB79C5-4970-448D-83E0-C9D14994F9CA}.Debug|Any CPU.Build.0 = Debug|Any CPU
		{EAEB79C5-4970-448D-83E0-C9D14994F9CA}.Release|Any CPU.ActiveCfg = Release|Any CPU
		{EAEB79C5-4970-448D-83E0-C9D14994F9CA}.Release|Any CPU.Build.0 = Release|Any CPU
		{8673C39A-F8CE-4EF8-ADD4-5180DA45F8DA}.Debug|Any CPU.ActiveCfg = Debug|Any CPU
		{8673C39A-F8CE-4EF8-ADD4-5180DA45F8DA}.Debug|Any CPU.Build.0 = Debug|Any CPU
		{8673C39A-F8CE-4EF8-ADD4-5180DA45F8DA}.Release|Any CPU.ActiveCfg = Release|Any CPU
		{8673C39A-F8CE-4EF8-ADD4-5180DA45F8DA}.Release|Any CPU.Build.0 = Release|Any CPU
		{2AE46534-7A41-4103-A25E-EE3EC27F2983}.Debug|Any CPU.ActiveCfg = Debug|Any CPU
		{2AE46534-7A41-4103-A25E-EE3EC27F2983}.Debug|Any CPU.Build.0 = Debug|Any CPU
		{2AE46534-7A41-4103-A25E-EE3EC27F2983}.Release|Any CPU.ActiveCfg = Release|Any CPU
		{2AE46534-7A41-4103-A25E-EE3EC27F2983}.Release|Any CPU.Build.0 = Release|Any CPU
	EndGlobalSection
	GlobalSection(SolutionProperties) = preSolution
		HideSolutionNode = FALSE
	EndGlobalSection
	GlobalSection(ExtensibilityGlobals) = postSolution
		SolutionGuid = {7CE29280-C2BE-4405-BC5E-2DCE82C6E41C}
	EndGlobalSection
EndGlobal
